PODS:
  - Masonry (1.1.0)
  - MJRefresh (3.1.15.3)

DEPENDENCIES:
  - Masonry (~> 1.1.0)
  - MJRefresh (~> 3.1.15.3)

SPEC REPOS:
  https://github.com/cocoapods/specs.git:
    - Masonry
    - MJRefresh

SPEC CHECKSUMS:
  Masonry: 678fab65091a9290e40e2832a55e7ab731aad201
  MJRefresh: b48380ae2b927b46c4ef000de9adb8dc748e1df7

PODFILE CHECKSUM: 78035edb3704617a5434784c355b81e72b92f251

COCOAPODS: 1.5.3
